// !$*UTF8*$!
{
	archiveVersion = 1;
	classes = {};
	objectVersion = 77;
	objects = {

/* Begin PBXContainerItemProxy section */
		D10000000000000000000031 = {
			isa = PBXContainerItemProxy;
			containerPortal = D10000000000000000000001 /* Project object */;
			proxyType = 1;
			remoteGlobalIDString = D10000000000000000000010;
			remoteInfo = DailyWallpaper;
		};
/* End PBXContainerItemProxy section */

/* Begin PBXFileReference section */
		D10000000000000000000020 /* DailyWallpaper.app */ = {isa = PBXFileReference; explicitFileType = wrapper.application; includeInIndex = 0; path = DailyWallpaper.app; sourceTree = BUILT_PRODUCTS_DIR; };
		D10000000000000000000021 /* DailyWallpaperTests.xctest */ = {isa = PBXFileReference; explicitFileType = wrapper.cfbundle; includeInIndex = 0; path = DailyWallpaperTests.xctest; sourceTree = BUILT_PRODUCTS_DIR; };
/* End PBXFileReference section */

/* Begin PBXFileSystemSynchronizedRootGroup section */
		D10000000000000000000040 /* DailyWallpaper */ = {
			isa = PBXFileSystemSynchronizedRootGroup;
			path = DailyWallpaper;
			sourceTree = "<group>";
		};
		D10000000000000000000041 /* DailyWallpaperTests */ = {
			isa = PBXFileSystemSynchronizedRootGroup;
			path = DailyWallpaperTests;
			sourceTree = "<group>";
		};
/* End PBXFileSystemSynchronizedRootGroup section */

/* Begin PBXFrameworksBuildPhase section */
		D10000000000000000000050 /* Frameworks */ = {
			isa = PBXFrameworksBuildPhase;
			buildActionMask = 2147483647;
			files = ();
			runOnlyForDeploymentPostprocessing = 0;
		};
		D10000000000000000000053 /* Frameworks */ = {
			isa = PBXFrameworksBuildPhase;
			buildActionMask = 2147483647;
			files = ();
			runOnlyForDeploymentPostprocessing = 0;
		};
/* End PBXFrameworksBuildPhase section */

/* Begin PBXGroup section */
		D10000000000000000000002 = {
			isa = PBXGroup;
			children = (
				D10000000000000000000040 /* DailyWallpaper */,
				D10000000000000000000041 /* DailyWallpaperTests */,
				D10000000000000000000003 /* Products */,
			);
			sourceTree = "<group>";
		};
		D10000000000000000000003 /* Products */ = {
			isa = PBXGroup;
			children = (
				D10000000000000000000020 /* DailyWallpaper.app */,
				D10000000000000000000021 /* DailyWallpaperTests.xctest */,
			);
			name = Products;
			sourceTree = "<group>";
		};
/* End PBXGroup section */

/* Begin PBXNativeTarget section */
		D10000000000000000000010 /* DailyWallpaper */ = {
			isa = PBXNativeTarget;
			buildConfigurationList = D10000000000000000000070 /* Build configuration list for PBXNativeTarget "DailyWallpaper" */;
			buildPhases = (
				D10000000000000000000051 /* Sources */,
				D10000000000000000000050 /* Frameworks */,
				D10000000000000000000052 /* Resources */,
			);
			buildRules = ();
			dependencies = ();
			fileSystemSynchronizedGroups = (
				D10000000000000000000040 /* DailyWallpaper */,
			);
			name = DailyWallpaper;
			packageProductDependencies = ();
			productName = DailyWallpaper;
			productReference = D10000000000000000000020 /* DailyWallpaper.app */;
			productType = "com.apple.product-type.application";
		};
		D10000000000000000000011 /* DailyWallpaperTests */ = {
			isa = PBXNativeTarget;
			buildConfigurationList = D10000000000000000000071 /* Build configuration list for PBXNativeTarget "DailyWallpaperTests" */;
			buildPhases = (
				D10000000000000000000054 /* Sources */,
				D10000000000000000000053 /* Frameworks */,
				D10000000000000000000055 /* Resources */,
			);
			buildRules = ();
			dependencies = (
				D10000000000000000000032 /* PBXTargetDependency */,
			);
			fileSystemSynchronizedGroups = (
				D10000000000000000000041 /* DailyWallpaperTests */,
			);
			name = DailyWallpaperTests;
			packageProductDependencies = ();
			productName = DailyWallpaperTests;
			productReference = D10000000000000000000021 /* DailyWallpaperTests.xctest */;
			productType = "com.apple.product-type.bundle.unit-test";
		};
/* End PBXNativeTarget section */

/* Begin PBXProject section */
		D10000000000000000000001 /* Project object */ = {
			isa = PBXProject;
			attributes = {
				BuildIndependentTargetsInParallel = 1;
				LastSwiftUpdateCheck = 2660;
				LastUpgradeCheck = 2660;
				TargetAttributes = {
					D10000000000000000000010 = { CreatedOnToolsVersion = 26.0; };
					D10000000000000000000011 = {
						CreatedOnToolsVersion = 26.0;
						TestTargetID = D10000000000000000000010;
					};
				};
			};
			buildConfigurationList = D10000000000000000000072 /* Build configuration list for PBXProject "DailyWallpaper" */;
			developmentRegion = zh_CN;
			hasScannedForEncodings = 0;
			knownRegions = (zh_CN, en, Base);
			mainGroup = D10000000000000000000002;
			preferredProjectObjectVersion = 77;
			productRefGroup = D10000000000000000000003 /* Products */;
			projectDirPath = "";
			projectRoot = "";
			targets = (
				D10000000000000000000010 /* DailyWallpaper */,
				D10000000000000000000011 /* DailyWallpaperTests */,
			);
		};
/* End PBXProject section */

/* Begin PBXResourcesBuildPhase section */
		D10000000000000000000052 /* Resources */ = {isa = PBXResourcesBuildPhase; buildActionMask = 2147483647; files = (); runOnlyForDeploymentPostprocessing = 0; };
		D10000000000000000000055 /* Resources */ = {isa = PBXResourcesBuildPhase; buildActionMask = 2147483647; files = (); runOnlyForDeploymentPostprocessing = 0; };
/* End PBXResourcesBuildPhase section */

/* Begin PBXSourcesBuildPhase section */
		D10000000000000000000051 /* Sources */ = {isa = PBXSourcesBuildPhase; buildActionMask = 2147483647; files = (); runOnlyForDeploymentPostprocessing = 0; };
		D10000000000000000000054 /* Sources */ = {isa = PBXSourcesBuildPhase; buildActionMask = 2147483647; files = (); runOnlyForDeploymentPostprocessing = 0; };
/* End PBXSourcesBuildPhase section */

/* Begin PBXTargetDependency section */
		D10000000000000000000032 /* PBXTargetDependency */ = {
			isa = PBXTargetDependency;
			target = D10000000000000000000010 /* DailyWallpaper */;
			targetProxy = D10000000000000000000031;
		};
/* End PBXTargetDependency section */

/* Begin XCBuildConfiguration section */
		D10000000000000000000080 /* Debug */ = {
			isa = XCBuildConfiguration;
			buildSettings = {
				CLANG_ENABLE_MODULES = YES;
				COPY_PHASE_STRIP = NO;
				DEBUG_INFORMATION_FORMAT = dwarf;
				ENABLE_TESTABILITY = YES;
				GCC_C_LANGUAGE_STANDARD = gnu17;
				MACOSX_DEPLOYMENT_TARGET = 13.0;
				ONLY_ACTIVE_ARCH = YES;
				SDKROOT = macosx;
				SWIFT_ACTIVE_COMPILATION_CONDITIONS = "DEBUG $(inherited)";
				SWIFT_OPTIMIZATION_LEVEL = "-Onone";
			};
			name = Debug;
		};
		D10000000000000000000081 /* Release */ = {
			isa = XCBuildConfiguration;
			buildSettings = {
				CLANG_ENABLE_MODULES = YES;
				COPY_PHASE_STRIP = YES;
				DEBUG_INFORMATION_FORMAT = "dwarf-with-dsym";
				GCC_C_LANGUAGE_STANDARD = gnu17;
				MACOSX_DEPLOYMENT_TARGET = 13.0;
				SDKROOT = macosx;
				SWIFT_COMPILATION_MODE = wholemodule;
				SWIFT_OPTIMIZATION_LEVEL = "-O";
			};
			name = Release;
		};
		D10000000000000000000082 /* Debug */ = {
			isa = XCBuildConfiguration;
			buildSettings = {
				CODE_SIGN_ENTITLEMENTS = DailyWallpaper/DailyWallpaper.entitlements;
				CODE_SIGN_STYLE = Automatic;
				CURRENT_PROJECT_VERSION = 1;
				ENABLE_APP_SANDBOX = YES;
				ENABLE_HARDENED_RUNTIME = YES;
				ENABLE_OUTGOING_NETWORK_CONNECTIONS = YES;
				ENABLE_USER_SELECTED_FILES = readwrite;
				GENERATE_INFOPLIST_FILE = YES;
				INFOPLIST_KEY_CFBundleDisplayName = "Daily Wallpaper";
				INFOPLIST_KEY_LSApplicationCategoryType = "public.app-category.utilities";
				INFOPLIST_KEY_LSUIElement = NO;
				LD_RUNPATH_SEARCH_PATHS = "$(inherited) @executable_path/../Frameworks";
				MARKETING_VERSION = 0.1.0;
				OTHER_LDFLAGS = "$(inherited) -lsqlite3";
				PRODUCT_BUNDLE_IDENTIFIER = com.liuhao.DailyWallpaper;
				PRODUCT_NAME = "$(TARGET_NAME)";
				SWIFT_VERSION = 6.0;
			};
			name = Debug;
		};
		D10000000000000000000083 /* Release */ = {
			isa = XCBuildConfiguration;
			buildSettings = {
				CODE_SIGN_ENTITLEMENTS = DailyWallpaper/DailyWallpaper.entitlements;
				CODE_SIGN_INJECT_BASE_ENTITLEMENTS = NO;
				CODE_SIGN_STYLE = Automatic;
				CURRENT_PROJECT_VERSION = 1;
				ENABLE_APP_SANDBOX = YES;
				ENABLE_HARDENED_RUNTIME = YES;
				ENABLE_OUTGOING_NETWORK_CONNECTIONS = YES;
				ENABLE_USER_SELECTED_FILES = readwrite;
				GENERATE_INFOPLIST_FILE = YES;
				INFOPLIST_KEY_CFBundleDisplayName = "Daily Wallpaper";
				INFOPLIST_KEY_LSApplicationCategoryType = "public.app-category.utilities";
				INFOPLIST_KEY_LSUIElement = NO;
				LD_RUNPATH_SEARCH_PATHS = "$(inherited) @executable_path/../Frameworks";
				MARKETING_VERSION = 0.1.0;
				OTHER_LDFLAGS = "$(inherited) -lsqlite3";
				PRODUCT_BUNDLE_IDENTIFIER = com.liuhao.DailyWallpaper;
				PRODUCT_NAME = "$(TARGET_NAME)";
				SWIFT_VERSION = 6.0;
			};
			name = Release;
		};
		D10000000000000000000084 /* Debug */ = {
			isa = XCBuildConfiguration;
			buildSettings = {
				BUNDLE_LOADER = "$(TEST_HOST)";
				CODE_SIGN_STYLE = Automatic;
				GENERATE_INFOPLIST_FILE = YES;
				MACOSX_DEPLOYMENT_TARGET = 13.0;
				PRODUCT_BUNDLE_IDENTIFIER = com.liuhao.DailyWallpaperTests;
				PRODUCT_NAME = "$(TARGET_NAME)";
				SWIFT_VERSION = 6.0;
				TEST_HOST = "$(BUILT_PRODUCTS_DIR)/DailyWallpaper.app/Contents/MacOS/DailyWallpaper";
			};
			name = Debug;
		};
		D10000000000000000000085 /* Release */ = {
			isa = XCBuildConfiguration;
			buildSettings = {
				BUNDLE_LOADER = "$(TEST_HOST)";
				CODE_SIGN_STYLE = Automatic;
				GENERATE_INFOPLIST_FILE = YES;
				MACOSX_DEPLOYMENT_TARGET = 13.0;
				PRODUCT_BUNDLE_IDENTIFIER = com.liuhao.DailyWallpaperTests;
				PRODUCT_NAME = "$(TARGET_NAME)";
				SWIFT_VERSION = 6.0;
				TEST_HOST = "$(BUILT_PRODUCTS_DIR)/DailyWallpaper.app/Contents/MacOS/DailyWallpaper";
			};
			name = Release;
		};
/* End XCBuildConfiguration section */

/* Begin XCConfigurationList section */
		D10000000000000000000070 /* Build configuration list for PBXNativeTarget "DailyWallpaper" */ = {isa = XCConfigurationList; buildConfigurations = (D10000000000000000000082 /* Debug */, D10000000000000000000083 /* Release */); defaultConfigurationIsVisible = 0; defaultConfigurationName = Release; };
		D10000000000000000000071 /* Build configuration list for PBXNativeTarget "DailyWallpaperTests" */ = {isa = XCConfigurationList; buildConfigurations = (D10000000000000000000084 /* Debug */, D10000000000000000000085 /* Release */); defaultConfigurationIsVisible = 0; defaultConfigurationName = Release; };
		D10000000000000000000072 /* Build configuration list for PBXProject "DailyWallpaper" */ = {isa = XCConfigurationList; buildConfigurations = (D10000000000000000000080 /* Debug */, D10000000000000000000081 /* Release */); defaultConfigurationIsVisible = 0; defaultConfigurationName = Release; };
/* End XCConfigurationList section */
	};
	rootObject = D10000000000000000000001 /* Project object */;
}
